
Microsoft Visual Studio Solution File, Format Version 12.00
# Visual Studio Version 16
VisualStudioVersion = 16.0.30204.135
MinimumVisualStudioVersion = 10.0.40219.1
Project("{FAE04EC0-301F-11D3-BF4B-00C04F79EFBC}") = "Mcon", "Mcon\Mcon.csproj", "{A7B8C605-690A-4B6A-B1C9-B831C6FD945D}"
EndProject
Global
	GlobalSection(SolutionConfigurationPlatforms) = preSolution
		Debug|Any CPU = Debug|Any CPU
		Release|Any CPU = Release|Any CPU
	EndGlobalSection
	GlobalSection(ProjectConfigurationPlatforms) = postSolution
		{A7B8C605-690A-4B6A-B1C9-B831C6FD945D}.Debug|Any CPU.ActiveCfg = Debug|Any CPU
		{A7B8C605-690A-4B6A-B1C9-B831C6FD945D}.Debug|Any CPU.Build.0 = Debug|Any CPU
		{A7B8C605-690A-4B6A-B1C9-B831C6FD945D}.Release|Any CPU.ActiveCfg = Release|Any CPU
		{A7B8C605-690A-4B6A-B1C9-B831C6FD945D}.Release|Any CPU.Build.0 = Release|Any CPU
	EndGlobalSection
	GlobalSection(SolutionProperties) = preSolution
		HideSolutionNode = FALSE
	EndGlobalSection
	GlobalSection(ExtensibilityGlobals) = postSolution
		SolutionGuid = {BAEE88D1-788E-4800-8A43-3E0512B0BBBB}
	EndGlobalSection
EndGlobal
